<?xml version="1.0" encoding="utf-8"?>
<Project ToolsVersion="4.0" xmlns="http://schemas.microsoft.com/developer/msbuild/2003">
  <ItemGroup>
    <Filter Include="src">
      <UniqueIdentifier>{4FC737F1-C7A5-4376-A066-2A32D752A2FF}</UniqueIdentifier>
      <Extensions>cpp;c;cc;cxx;def;odl;idl;hpj;bat;asm;asmx</Extensions>
    </Filter>
    <Filter Include="src\shaders">
      <UniqueIdentifier>{30f22744-b0df-4d96-a79d-41648fcbe4bc}</UniqueIdentifier>
    </Filter>
    <Filter Include="src\components">
      <UniqueIdentifier>{c7a6e6d3-fb44-42d3-b461-9bf81521a6c5}</UniqueIdentifier>
    </Filter>
    <Filter Include="src\systems">
      <UniqueIdentifier>{83222453-6afd-4810-a186-56bb3c3082a8}</UniqueIdentifier>
    </Filter>
    <Filter Include="src\tools">
      <UniqueIdentifier>{bcc7b15d-f579-4bbd-966d-93ce50f1465f}</UniqueIdentifier>
    </Filter>
  </ItemGroup>
  <ItemGroup>
    <ClCompile Include="main.cpp">
      <Filter>src</Filter>
    </ClCompile>
    <ClCompile Include="shaders.cpp">
      <Filter>src</Filter>
    </ClCompile>
    <ClCompile Include="globals.cpp">
      <Filter>src</Filter>
    </ClCompile>
    <ClCompile Include="systems\player.cpp">
      <Filter>src\systems</Filter>
    </ClCompile>
    <ClCompile Include="systems\level.cpp">
      <Filter>src\systems</Filter>
    </ClCompile>
    <ClCompile Include="systems\physics.cpp">
      <Filter>src\systems</Filter>
    </ClCompile>
    <ClCompile Include="tools\utility.cpp">
      <Filter>src\tools</Filter>
    </ClCompile>
    <ClCompile Include="tools\b2Helpers.cpp">
      <Filter>src\tools</Filter>
    </ClCompile>
  </ItemGroup>
  <ItemGroup>
    <ClInclude Include="shaders.hpp">
      <Filter>src</Filter>
    </ClInclude>
    <ClInclude Include="globals.hpp">
      <Filter>src</Filter>
    </ClInclude>
    <ClInclude Include="components\mouseState.hpp">
      <Filter>src\components</Filter>
    </ClInclude>
    <ClInclude Include="components\mvp.hpp">
      <Filter>src\components</Filter>
    </ClInclude>
    <ClInclude Include="components\screenInfo.hpp">
      <Filter>src\components</Filter>
    </ClInclude>
    <ClInclude Include="components\physics.hpp">
      <Filter>src\components</Filter>
    </ClInclude>
    <ClInclude Include="components\player.hpp">
      <Filter>src\components</Filter>
    </ClInclude>
    <ClInclude Include="systems\player.hpp">
      <Filter>src\systems</Filter>
    </ClInclude>
    <ClInclude Include="systems\level.hpp">
      <Filter>src\systems</Filter>
    </ClInclude>
    <ClInclude Include="systems\physics.hpp">
      <Filter>src\systems</Filter>
    </ClInclude>
    <ClInclude Include="components\wall.hpp">
      <Filter>src\components</Filter>
    </ClInclude>
    <ClInclude Include="tools\utility.hpp">
      <Filter>src\tools</Filter>
    </ClInclude>
    <ClInclude Include="tools\b2Helpers.hpp">
      <Filter>src\tools</Filter>
    </ClInclude>
  </ItemGroup>
  <ItemGroup>
    <None Include="shaders\basic.fs">
      <Filter>src\shaders</Filter>
    </None>
    <None Include="shaders\basic.vs">
      <Filter>src\shaders</Filter>
    </None>
  </ItemGroup>
</Project>